{
  "name": "iobroker.duofernstick",
  "version": "0.1.21",
  "lockfileVersion": 3,
  "requires": true,
  "packages": {
    "": {
      "name": "iobroker.duofernstick",
      "version": "0.1.21",
      "license": "MIT",
      "dependencies": {
        "@iobroker/adapter-core": "^3.3.2",
        "serialport": "^12.0.0"
      },
      "devDependencies": {
        "@iobroker/testing": "5.2.2",
        "@types/node": ">=20"
      },
      "engines": {
        "node": ">=20"
      }
    }
  }
}
